
Microsoft Visual Studio Solution File, Format Version 12.00
# Visual Studio 15
Project("{FAE04EC0-301F-11D3-BF4B-00C04F79EFBC}") = "Assembly-CSharp", "Assembly-CSharp.csproj", "{B132EF5A-F801-A6BB-26B6-2AEF46CBD71D}"
EndProject
Global
	GlobalSection(SolutionConfigurationPlatforms) = preSolution
		Debug|Any CPU = Debug|Any CPU
		Release|Any CPU = Release|Any CPU
	EndGlobalSection
	GlobalSection(ProjectConfigurationPlatforms) = postSolution
		{B132EF5A-F801-A6BB-26B6-2AEF46CBD71D}.Debug|Any CPU.ActiveCfg = Debug|Any CPU
		{B132EF5A-F801-A6BB-26B6-2AEF46CBD71D}.Debug|Any CPU.Build.0 = Debug|Any CPU
		{B132EF5A-F801-A6BB-26B6-2AEF46CBD71D}.Release|Any CPU.ActiveCfg = Release|Any CPU
		{B132EF5A-F801-A6BB-26B6-2AEF46CBD71D}.Release|Any CPU.Build.0 = Release|Any CPU
	EndGlobalSection
	GlobalSection(SolutionProperties) = preSolution
		HideSolutionNode = FALSE
	EndGlobalSection
EndGlobal
